
Microsoft Visual Studio Solution File, Format Version 12.00
# Visual Studio Version 16
VisualStudioVersion = 16.0.32630.194
MinimumVisualStudioVersion = 10.0.40219.1
Project("{FAE04EC0-301F-11D3-BF4B-00C04F79EFBC}") = "Musica", "Musica\Musica.csproj", "{6B951566-A109-477B-88EF-015A6B308552}"
EndProject
Global
	GlobalSection(SolutionConfigurationPlatforms) = preSolution
		Debug|Any CPU = Debug|Any CPU
		Release|Any CPU = Release|Any CPU
	EndGlobalSection
	GlobalSection(ProjectConfigurationPlatforms) = postSolution
		{6B951566-A109-477B-88EF-015A6B308552}.Debug|Any CPU.ActiveCfg = Debug|Any CPU
		{6B951566-A109-477B-88EF-015A6B308552}.Debug|Any CPU.Build.0 = Debug|Any CPU
		{6B951566-A109-477B-88EF-015A6B308552}.Release|Any CPU.ActiveCfg = Release|Any CPU
		{6B951566-A109-477B-88EF-015A6B308552}.Release|Any CPU.Build.0 = Release|Any CPU
	EndGlobalSection
	GlobalSection(SolutionProperties) = preSolution
		HideSolutionNode = FALSE
	EndGlobalSection
	GlobalSection(ExtensibilityGlobals) = postSolution
		SolutionGuid = {FF7BFEE3-B28B-4CE5-8E12-BAD6F7E203A5}
	EndGlobalSection
EndGlobal
